
Microsoft Visual Studio Solution File, Format Version 12.00
Project("{FAE04EC0-301F-11D3-BF4B-00C04F79EFBC}") = "UserService.Domain", "UserService.Domain\UserService.Domain.csproj", "{5B58D9FC-48E0-4C90-A785-6470DC5DC046}"
EndProject
Global
	GlobalSection(SolutionConfigurationPlatforms) = preSolution
		Debug|Any CPU = Debug|Any CPU
		Release|Any CPU = Release|Any CPU
	EndGlobalSection
	GlobalSection(ProjectConfigurationPlatforms) = postSolution
		{5B58D9FC-48E0-4C90-A785-6470DC5DC046}.Debug|Any CPU.ActiveCfg = Debug|Any CPU
		{5B58D9FC-48E0-4C90-A785-6470DC5DC046}.Debug|Any CPU.Build.0 = Debug|Any CPU
		{5B58D9FC-48E0-4C90-A785-6470DC5DC046}.Release|Any CPU.ActiveCfg = Release|Any CPU
		{5B58D9FC-48E0-4C90-A785-6470DC5DC046}.Release|Any CPU.Build.0 = Release|Any CPU
	EndGlobalSection
EndGlobal
